{
  "version": 4,
  "terraform_version": "1.6.3",
  "serial": 27,
  "lineage": "f44f5cf4-d314-db15-8da0-46071067c03c",
  "outputs": {
    "branch_protection_rules": {
      "value": {
        "main": {
          "allows_deletions": false,
          "allows_force_pushes": false,
          "dismiss_stale_reviews": true,
          "enforce_admins": true,
          "pattern": "main",
          "require_code_owner_reviews": true,
          "require_signed_commits": true,
          "required_approving_review_count": 2,
          "required_status_checks": [
            "build-and-test",
            "security-scan"
          ]
        }
      },
      "type": [
        "object",
        {
          "main": [
            "object",
            {
              "allows_deletions": "bool",
              "allows_force_pushes": "bool",
              "dismiss_stale_reviews": "bool",
              "enforce_admins": "bool",
              "pattern": "string",
              "require_code_owner_reviews": "bool",
              "require_signed_commits": "bool",
              "required_approving_review_count": "number",
              "required_status_checks": [
                "set",
                "string"
              ]
            }
          ]
        }
      ]
    },
    "repository_git_clone_url": {
      "value": "git://github.com/0xb007ab1e/cpp-microservice.git",
      "type": "string"
    },
    "repository_html_url": {
      "value": "https://github.com/0xb007ab1e/cpp-microservice",
      "type": "string"
    },
    "repository_http_clone_url": {
      "value": "https://github.com/0xb007ab1e/cpp-microservice.git",
      "type": "string"
    },
    "repository_id": {
      "value": "cpp-microservice",
      "type": "string"
    },
    "repository_node_id": {
      "value": "R_kgDOOQAyCw",
      "type": "string"
    },
    "repository_ssh_clone_url": {
      "value": "git@github.com:0xb007ab1e/cpp-microservice.git",
      "type": "string"
    }
  },
  "resources": [
    {
      "mode": "managed",
      "type": "github_branch_protection",
      "name": "protection",
      "provider": "provider[\"registry.terraform.io/integrations/github\"]",
      "instances": [
        {
          "index_key": "main",
          "schema_version": 1,
          "attributes": {
            "allows_deletions": false,
            "allows_force_pushes": false,
            "blocks_creations": false,
            "enforce_admins": true,
            "force_push_bypassers": [],
            "id": "BPR_kwDOOQAyC84Dpkx1",
            "lock_branch": false,
            "pattern": "main",
            "push_restrictions": [],
            "repository_id": "R_kgDOOQAyCw",
            "require_conversation_resolution": false,
            "require_signed_commits": true,
            "required_linear_history": false,
            "required_pull_request_reviews": [
              {
                "dismiss_stale_reviews": true,
                "dismissal_restrictions": [],
                "pull_request_bypassers": [],
                "require_code_owner_reviews": true,
                "require_last_push_approval": false,
                "required_approving_review_count": 2,
                "restrict_dismissals": false
              }
            ],
            "required_status_checks": [
              {
                "contexts": [
                  "build-and-test",
                  "security-scan"
                ],
                "strict": true
              }
            ]
          },
          "sensitive_attributes": [],
          "private": "eyJzY2hlbWFfdmVyc2lvbiI6IjEifQ==",
          "dependencies": [
            "github_repository.microservice_repo"
          ]
        }
      ]
    },
    {
      "mode": "managed",
      "type": "github_issue_label",
      "name": "labels",
      "provider": "provider[\"registry.terraform.io/integrations/github\"]",
      "instances": [
        {
          "index_key": "bug",
          "schema_version": 0,
          "attributes": {
            "color": "d73a4a",
            "description": "Something isn't working",
            "etag": "W/\"7ae1bbdab8deb96035104b0fa794d3b6bc7872f6284b20efffffe13d921ce5dc\"",
            "id": "cpp-microservice:bug",
            "name": "bug",
            "repository": "cpp-microservice",
            "url": "https://api.github.com/repos/0xb007ab1e/cpp-microservice/labels/bug"
          },
          "sensitive_attributes": [],
          "private": "bnVsbA==",
          "dependencies": [
            "github_repository.microservice_repo"
          ]
        },
        {
          "index_key": "dependencies",
          "schema_version": 0,
          "attributes": {
            "color": "0366d6",
            "description": "Pull requests that update a dependency file",
            "etag": "W/\"963f2eb79df79887861f09781cf13a508562e034c4c9aaee2099d2621efbcaa8\"",
            "id": "cpp-microservice:dependencies",
            "name": "dependencies",
            "repository": "cpp-microservice",
            "url": "https://api.github.com/repos/0xb007ab1e/cpp-microservice/labels/dependencies"
          },
          "sensitive_attributes": [],
          "private": "bnVsbA==",
          "dependencies": [
            "github_repository.microservice_repo"
          ]
        },
        {
          "index_key": "documentation",
          "schema_version": 0,
          "attributes": {
            "color": "0075ca",
            "description": "Improvements or additions to documentation",
            "etag": "W/\"7b8a976c31c86ef1dd07fa0b14dae21763c69fdaaf95716b954208719c78d604\"",
            "id": "cpp-microservice:documentation",
            "name": "documentation",
            "repository": "cpp-microservice",
            "url": "https://api.github.com/repos/0xb007ab1e/cpp-microservice/labels/documentation"
          },
          "sensitive_attributes": [],
          "private": "bnVsbA==",
          "dependencies": [
            "github_repository.microservice_repo"
          ]
        },
        {
          "index_key": "enhancement",
          "schema_version": 0,
          "attributes": {
            "color": "a2eeef",
            "description": "New feature or request",
            "etag": "W/\"5a3d1e65d232fa8982cda0b73088f3817b301ee2ff9b90e79cf6d3bcb32476c4\"",
            "id": "cpp-microservice:enhancement",
            "name": "enhancement",
            "repository": "cpp-microservice",
            "url": "https://api.github.com/repos/0xb007ab1e/cpp-microservice/labels/enhancement"
          },
          "sensitive_attributes": [],
          "private": "bnVsbA==",
          "dependencies": [
            "github_repository.microservice_repo"
          ]
        },
        {
          "index_key": "good first issue",
          "schema_version": 0,
          "attributes": {
            "color": "7057ff",
            "description": "Good for newcomers",
            "etag": "W/\"a533f003e6b1692a83988699ffd44997a61fed16e6114efe7bdf75699dc12409\"",
            "id": "cpp-microservice:good first issue",
            "name": "good first issue",
            "repository": "cpp-microservice",
            "url": "https://api.github.com/repos/0xb007ab1e/cpp-microservice/labels/good%20first%20issue"
          },
          "sensitive_attributes": [],
          "private": "bnVsbA==",
          "dependencies": [
            "github_repository.microservice_repo"
          ]
        },
        {
          "index_key": "help wanted",
          "schema_version": 0,
          "attributes": {
            "color": "008672",
            "description": "Extra attention is needed",
            "etag": "W/\"04c90c740b8f1e960bc7056d037f5f6a64064ed8ad8d9e6e7aa4760f38648d7e\"",
            "id": "cpp-microservice:help wanted",
            "name": "help wanted",
            "repository": "cpp-microservice",
            "url": "https://api.github.com/repos/0xb007ab1e/cpp-microservice/labels/help%20wanted"
          },
          "sensitive_attributes": [],
          "private": "bnVsbA==",
          "dependencies": [
            "github_repository.microservice_repo"
          ]
        },
        {
          "index_key": "performance",
          "schema_version": 0,
          "attributes": {
            "color": "fbca04",
            "description": "Performance improvement or degradation",
            "etag": "W/\"ee1792576529b1f94f7c24a08e93342a71ebbc707239633f67c116d452f723c5\"",
            "id": "cpp-microservice:performance",
            "name": "performance",
            "repository": "cpp-microservice",
            "url": "https://api.github.com/repos/0xb007ab1e/cpp-microservice/labels/performance"
          },
          "sensitive_attributes": [],
          "private": "bnVsbA==",
          "dependencies": [
            "github_repository.microservice_repo"
          ]
        },
        {
          "index_key": "security",
          "schema_version": 0,
          "attributes": {
            "color": "ee0701",
            "description": "Security related issue",
            "etag": "W/\"acfa760960e9744f76eddf1fdc8a84ab1cdee68188aa70ffe7089202979be80c\"",
            "id": "cpp-microservice:security",
            "name": "security",
            "repository": "cpp-microservice",
            "url": "https://api.github.com/repos/0xb007ab1e/cpp-microservice/labels/security"
          },
          "sensitive_attributes": [],
          "private": "bnVsbA==",
          "dependencies": [
            "github_repository.microservice_repo"
          ]
        }
      ]
    },
    {
      "mode": "managed",
      "type": "github_repository",
      "name": "microservice_repo",
      "provider": "provider[\"registry.terraform.io/integrations/github\"]",
      "instances": [
        {
          "schema_version": 1,
          "attributes": {
            "allow_auto_merge": true,
            "allow_merge_commit": true,
            "allow_rebase_merge": true,
            "allow_squash_merge": true,
            "allow_update_branch": false,
            "archive_on_destroy": null,
            "archived": false,
            "auto_init": true,
            "default_branch": "main",
            "delete_branch_on_merge": true,
            "description": "High-performance C++ microservice for efficient data processing and real-time analytics",
            "etag": "W/\"d5429c784a34906f90fe6052c6ae6cc3f027e63b377120da67e0c367b1f43250\"",
            "full_name": "0xb007ab1e/cpp-microservice",
            "git_clone_url": "git://github.com/0xb007ab1e/cpp-microservice.git",
            "gitignore_template": null,
            "has_discussions": false,
            "has_downloads": true,
            "has_issues": true,
            "has_projects": true,
            "has_wiki": true,
            "homepage_url": "",
            "html_url": "https://github.com/0xb007ab1e/cpp-microservice",
            "http_clone_url": "https://github.com/0xb007ab1e/cpp-microservice.git",
            "id": "cpp-microservice",
            "ignore_vulnerability_alerts_during_read": null,
            "is_template": false,
            "license_template": null,
            "merge_commit_message": "PR_TITLE",
            "merge_commit_title": "MERGE_MESSAGE",
            "name": "cpp-microservice",
            "node_id": "R_kgDOOQAyCw",
            "pages": [],
            "primary_language": "",
            "private": false,
            "repo_id": 956314123,
            "security_and_analysis": [
              {
                "advanced_security": [],
                "secret_scanning": [
                  {
                    "status": "disabled"
                  }
                ],
                "secret_scanning_push_protection": [
                  {
                    "status": "disabled"
                  }
                ]
              }
            ],
            "squash_merge_commit_message": "COMMIT_MESSAGES",
            "squash_merge_commit_title": "COMMIT_OR_PR_TITLE",
            "ssh_clone_url": "git@github.com:0xb007ab1e/cpp-microservice.git",
            "svn_url": "https://github.com/0xb007ab1e/cpp-microservice",
            "template": [],
            "topics": [
              "continuous-integration",
              "cpp",
              "microservice"
            ],
            "visibility": "public",
            "vulnerability_alerts": true,
            "web_commit_signoff_required": false
          },
          "sensitive_attributes": [],
          "private": "eyJzY2hlbWFfdmVyc2lvbiI6IjEifQ=="
        }
      ]
    }
  ],
  "check_results": []
}
